{
  "name": "bachelor-thesis",
  "lockfileVersion": 3,
  "requires": true,
  "packages": {
    "": {
      "dependencies": {
        "rete-structures": "^2.0.1"
      },
      "devDependencies": {
        "husky": "^9.0.11"
      }
    },
    "node_modules/@babel/runtime": {
      "version": "7.24.1",
      "resolved": "https://registry.npmjs.org/@babel/runtime/-/runtime-7.24.1.tgz",
      "integrity": "sha512-+BIznRzyqBf+2wCTxcKE3wDjfGeCoVE61KSHGpkzqrLi8qxqFwBeUFyId2cxkTmm55fzDGnm0+yCxaxygrLUnQ==",
      "peer": true,
      "dependencies": {
        "regenerator-runtime": "^0.14.0"
      },
      "engines": {
        "node": ">=6.9.0"
      }
    },
    "node_modules/husky": {
      "version": "9.0.11",
      "resolved": "https://registry.npmjs.org/husky/-/husky-9.0.11.tgz",
      "integrity": "sha512-AB6lFlbwwyIqMdHYhwPe+kjOC3Oc5P3nThEoW/AaO2BX3vJDjWPFxYLxokUZOo6RNX20He3AaT8sESs9NJcmEw==",
      "dev": true,
      "bin": {
        "husky": "bin.mjs"
      },
      "engines": {
        "node": ">=18"
      },
      "funding": {
        "url": "https://github.com/sponsors/typicode"
      }
    },
    "node_modules/regenerator-runtime": {
      "version": "0.14.1",
      "resolved": "https://registry.npmjs.org/regenerator-runtime/-/regenerator-runtime-0.14.1.tgz",
      "integrity": "sha512-dYnhHh0nJoMfnkZs6GmmhFknAGRrLznOu5nc9ML+EJxGvrx6H7teuevqVqCuPcPK//3eDrrjQhehXVx9cnkGdw==",
      "peer": true
    },
    "node_modules/rete": {
      "version": "2.0.3",
      "resolved": "https://registry.npmjs.org/rete/-/rete-2.0.3.tgz",
      "integrity": "sha512-/xzcyEBhVXhMZVZHElnYaLKOmTEuwlnul9Wfjvxw5sdl/+6Nqn2nyqIaW4koefrFpIWZy9aitnjnP3zeCMVDuw==",
      "hasInstallScript": true,
      "peer": true,
      "dependencies": {
        "@babel/runtime": "^7.21.0"
      }
    },
    "node_modules/rete-structures": {
      "version": "2.0.1",
      "resolved": "https://registry.npmjs.org/rete-structures/-/rete-structures-2.0.1.tgz",
      "integrity": "sha512-8S7zkoHLnDOz7T9L4qfwp6efdp790wk3sZBF2qsHLtHJIyAxC8lDNNngy7R2Eh762nadgfcn/ItHpLPmpXQGeQ==",
      "peerDependencies": {
        "rete": "^2.0.1"
      }
    }
  }
}
